
Microsoft Visual Studio Solution File, Format Version 12.00
# Visual Studio 14
VisualStudioVersion = 14.0.25420.1
MinimumVisualStudioVersion = 10.0.40219.1
Project("{FAE04EC0-301F-11D3-BF4B-00C04F79EFBC}") = "Origami", "Origami\Origami.csproj", "{13A45C13-3265-47B8-BC48-A553B569DF55}"
EndProject
Project("{FAE04EC0-301F-11D3-BF4B-00C04F79EFBC}") = "Assembly-CSharp", "C:\Users\Ramgopal\Desktop\Project_Increment_1\App\GeneratedProjects\UWP\Assembly-CSharp\Assembly-CSharp.csproj", "{5DF84686-F01D-4AF8-B8C1-7DC3A26BD291}"
EndProject
Project("{FAE04EC0-301F-11D3-BF4B-00C04F79EFBC}") = "Assembly-CSharp-firstpass", "C:\Users\Ramgopal\Desktop\Project_Increment_1\App\GeneratedProjects\UWP\Assembly-CSharp-firstpass\Assembly-CSharp-firstpass.csproj", "{06E2722D-67ED-4617-8493-2E02051BD980}"
EndProject
Global
	GlobalSection(SolutionConfigurationPlatforms) = preSolution
		Debug|ARM = Debug|ARM
		Debug|x64 = Debug|x64
		Debug|x86 = Debug|x86
		Master|ARM = Master|ARM
		Master|x64 = Master|x64
		Master|x86 = Master|x86
		Release|ARM = Release|ARM
		Release|x64 = Release|x64
		Release|x86 = Release|x86
	EndGlobalSection
	GlobalSection(ProjectConfigurationPlatforms) = postSolution
		{13A45C13-3265-47B8-BC48-A553B569DF55}.Debug|ARM.ActiveCfg = Debug|ARM
		{13A45C13-3265-47B8-BC48-A553B569DF55}.Debug|ARM.Build.0 = Debug|ARM
		{13A45C13-3265-47B8-BC48-A553B569DF55}.Debug|ARM.Deploy.0 = Debug|ARM
		{13A45C13-3265-47B8-BC48-A553B569DF55}.Debug|x64.ActiveCfg = Debug|x64
		{13A45C13-3265-47B8-BC48-A553B569DF55}.Debug|x64.Build.0 = Debug|x64
		{13A45C13-3265-47B8-BC48-A553B569DF55}.Debug|x64.Deploy.0 = Debug|x64
		{13A45C13-3265-47B8-BC48-A553B569DF55}.Debug|x86.ActiveCfg = Debug|x86
		{13A45C13-3265-47B8-BC48-A553B569DF55}.Debug|x86.Build.0 = Debug|x86
		{13A45C13-3265-47B8-BC48-A553B569DF55}.Debug|x86.Deploy.0 = Debug|x86
		{13A45C13-3265-47B8-BC48-A553B569DF55}.Master|ARM.ActiveCfg = Master|ARM
		{13A45C13-3265-47B8-BC48-A553B569DF55}.Master|ARM.Build.0 = Master|ARM
		{13A45C13-3265-47B8-BC48-A553B569DF55}.Master|ARM.Deploy.0 = Master|ARM
		{13A45C13-3265-47B8-BC48-A553B569DF55}.Master|x64.ActiveCfg = Master|x64
		{13A45C13-3265-47B8-BC48-A553B569DF55}.Master|x64.Build.0 = Master|x64
		{13A45C13-3265-47B8-BC48-A553B569DF55}.Master|x64.Deploy.0 = Master|x64
		{13A45C13-3265-47B8-BC48-A553B569DF55}.Master|x86.ActiveCfg = Master|x86
		{13A45C13-3265-47B8-BC48-A553B569DF55}.Master|x86.Build.0 = Master|x86
		{13A45C13-3265-47B8-BC48-A553B569DF55}.Master|x86.Deploy.0 = Master|x86
		{13A45C13-3265-47B8-BC48-A553B569DF55}.Release|ARM.ActiveCfg = Release|ARM
		{13A45C13-3265-47B8-BC48-A553B569DF55}.Release|ARM.Build.0 = Release|ARM
		{13A45C13-3265-47B8-BC48-A553B569DF55}.Release|ARM.Deploy.0 = Release|ARM
		{13A45C13-3265-47B8-BC48-A553B569DF55}.Release|x64.ActiveCfg = Release|x64
		{13A45C13-3265-47B8-BC48-A553B569DF55}.Release|x64.Build.0 = Release|x64
		{13A45C13-3265-47B8-BC48-A553B569DF55}.Release|x64.Deploy.0 = Release|x64
		{13A45C13-3265-47B8-BC48-A553B569DF55}.Release|x86.ActiveCfg = Release|x86
		{13A45C13-3265-47B8-BC48-A553B569DF55}.Release|x86.Build.0 = Release|x86
		{13A45C13-3265-47B8-BC48-A553B569DF55}.Release|x86.Deploy.0 = Release|x86
		{5DF84686-F01D-4AF8-B8C1-7DC3A26BD291}.Debug|ARM.ActiveCfg = Debug|ARM
		{5DF84686-F01D-4AF8-B8C1-7DC3A26BD291}.Debug|ARM.Build.0 = Debug|ARM
		{5DF84686-F01D-4AF8-B8C1-7DC3A26BD291}.Debug|x64.ActiveCfg = Debug|x64
		{5DF84686-F01D-4AF8-B8C1-7DC3A26BD291}.Debug|x64.Build.0 = Debug|x64
		{5DF84686-F01D-4AF8-B8C1-7DC3A26BD291}.Debug|x86.ActiveCfg = Debug|x86
		{5DF84686-F01D-4AF8-B8C1-7DC3A26BD291}.Debug|x86.Build.0 = Debug|x86
		{5DF84686-F01D-4AF8-B8C1-7DC3A26BD291}.Master|ARM.ActiveCfg = Master|ARM
		{5DF84686-F01D-4AF8-B8C1-7DC3A26BD291}.Master|ARM.Build.0 = Master|ARM
		{5DF84686-F01D-4AF8-B8C1-7DC3A26BD291}.Master|x64.ActiveCfg = Master|x64
		{5DF84686-F01D-4AF8-B8C1-7DC3A26BD291}.Master|x64.Build.0 = Master|x64
		{5DF84686-F01D-4AF8-B8C1-7DC3A26BD291}.Master|x86.ActiveCfg = Master|x86
		{5DF84686-F01D-4AF8-B8C1-7DC3A26BD291}.Master|x86.Build.0 = Master|x86
		{5DF84686-F01D-4AF8-B8C1-7DC3A26BD291}.Release|ARM.ActiveCfg = Release|ARM
		{5DF84686-F01D-4AF8-B8C1-7DC3A26BD291}.Release|ARM.Build.0 = Release|ARM
		{5DF84686-F01D-4AF8-B8C1-7DC3A26BD291}.Release|x64.ActiveCfg = Release|x64
		{5DF84686-F01D-4AF8-B8C1-7DC3A26BD291}.Release|x64.Build.0 = Release|x64
		{5DF84686-F01D-4AF8-B8C1-7DC3A26BD291}.Release|x86.ActiveCfg = Release|x86
		{5DF84686-F01D-4AF8-B8C1-7DC3A26BD291}.Release|x86.Build.0 = Release|x86
		{06E2722D-67ED-4617-8493-2E02051BD980}.Debug|ARM.ActiveCfg = Debug|ARM
		{06E2722D-67ED-4617-8493-2E02051BD980}.Debug|ARM.Build.0 = Debug|ARM
		{06E2722D-67ED-4617-8493-2E02051BD980}.Debug|x64.ActiveCfg = Debug|x64
		{06E2722D-67ED-4617-8493-2E02051BD980}.Debug|x64.Build.0 = Debug|x64
		{06E2722D-67ED-4617-8493-2E02051BD980}.Debug|x86.ActiveCfg = Debug|x86
		{06E2722D-67ED-4617-8493-2E02051BD980}.Debug|x86.Build.0 = Debug|x86
		{06E2722D-67ED-4617-8493-2E02051BD980}.Master|ARM.ActiveCfg = Master|ARM
		{06E2722D-67ED-4617-8493-2E02051BD980}.Master|ARM.Build.0 = Master|ARM
		{06E2722D-67ED-4617-8493-2E02051BD980}.Master|x64.ActiveCfg = Master|x64
		{06E2722D-67ED-4617-8493-2E02051BD980}.Master|x64.Build.0 = Master|x64
		{06E2722D-67ED-4617-8493-2E02051BD980}.Master|x86.ActiveCfg = Master|x86
		{06E2722D-67ED-4617-8493-2E02051BD980}.Master|x86.Build.0 = Master|x86
		{06E2722D-67ED-4617-8493-2E02051BD980}.Release|ARM.ActiveCfg = Release|ARM
		{06E2722D-67ED-4617-8493-2E02051BD980}.Release|ARM.Build.0 = Release|ARM
		{06E2722D-67ED-4617-8493-2E02051BD980}.Release|x64.ActiveCfg = Release|x64
		{06E2722D-67ED-4617-8493-2E02051BD980}.Release|x64.Build.0 = Release|x64
		{06E2722D-67ED-4617-8493-2E02051BD980}.Release|x86.ActiveCfg = Release|x86
		{06E2722D-67ED-4617-8493-2E02051BD980}.Release|x86.Build.0 = Release|x86
	EndGlobalSection
	GlobalSection(SolutionProperties) = preSolution
		HideSolutionNode = FALSE
	EndGlobalSection
EndGlobal
